
Microsoft Visual Studio Solution File, Format Version 12.00
# Visual Studio 2012
Project("{FAE04EC0-301F-11D3-BF4B-00C04F79EFBC}") = "WCF_DataService", "WCF_DataService\WCF_DataService.csproj", "{E531EFE8-9A9E-4B75-BBAE-8836765ACE1D}"
EndProject
Project("{FAE04EC0-301F-11D3-BF4B-00C04F79EFBC}") = "WPF45_DataBinding", "WPF45_DataBinding\WPF45_DataBinding.csproj", "{EF419CAD-2933-42FF-B77D-55A2E24ED3D4}"
	ProjectSection(ProjectDependencies) = postProject
		{E531EFE8-9A9E-4B75-BBAE-8836765ACE1D} = {E531EFE8-9A9E-4B75-BBAE-8836765ACE1D}
	EndProjectSection
EndProject
Global
	GlobalSection(SolutionConfigurationPlatforms) = preSolution
		Debug|Any CPU = Debug|Any CPU
		Release|Any CPU = Release|Any CPU
	EndGlobalSection
	GlobalSection(ProjectConfigurationPlatforms) = postSolution
		{E531EFE8-9A9E-4B75-BBAE-8836765ACE1D}.Debug|Any CPU.ActiveCfg = Debug|Any CPU
		{E531EFE8-9A9E-4B75-BBAE-8836765ACE1D}.Debug|Any CPU.Build.0 = Debug|Any CPU
		{E531EFE8-9A9E-4B75-BBAE-8836765ACE1D}.Release|Any CPU.ActiveCfg = Release|Any CPU
		{E531EFE8-9A9E-4B75-BBAE-8836765ACE1D}.Release|Any CPU.Build.0 = Release|Any CPU
		{EF419CAD-2933-42FF-B77D-55A2E24ED3D4}.Debug|Any CPU.ActiveCfg = Debug|Any CPU
		{EF419CAD-2933-42FF-B77D-55A2E24ED3D4}.Debug|Any CPU.Build.0 = Debug|Any CPU
		{EF419CAD-2933-42FF-B77D-55A2E24ED3D4}.Release|Any CPU.ActiveCfg = Release|Any CPU
		{EF419CAD-2933-42FF-B77D-55A2E24ED3D4}.Release|Any CPU.Build.0 = Release|Any CPU
	EndGlobalSection
	GlobalSection(SolutionProperties) = preSolution
		HideSolutionNode = FALSE
	EndGlobalSection
EndGlobal
